
Microsoft Visual Studio Solution File, Format Version 12.00
# Visual Studio 2012
Project("{FAE04EC0-301F-11D3-BF4B-00C04F79EFBC}") = "RuntimeBugAppearance", "RuntimeBugAppearance\RuntimeBugAppearance.csproj", "{82553D77-145F-41D5-9268-B224CB682866}"
EndProject
Project("{FAE04EC0-301F-11D3-BF4B-00C04F79EFBC}") = "NetStandard20Library", "NetStandard20Library\NetStandard20Library.csproj", "{E5DF378A-96DE-4E4F-8DFA-319C788576CE}"
EndProject
Global
	GlobalSection(SolutionConfigurationPlatforms) = preSolution
		Debug|x86 = Debug|x86
		Release|x86 = Release|x86
	EndGlobalSection
	GlobalSection(ProjectConfigurationPlatforms) = postSolution
		{82553D77-145F-41D5-9268-B224CB682866}.Debug|x86.ActiveCfg = Debug|x86
		{82553D77-145F-41D5-9268-B224CB682866}.Debug|x86.Build.0 = Debug|x86
		{82553D77-145F-41D5-9268-B224CB682866}.Release|x86.ActiveCfg = Release|x86
		{82553D77-145F-41D5-9268-B224CB682866}.Release|x86.Build.0 = Release|x86
		{E5DF378A-96DE-4E4F-8DFA-319C788576CE}.Debug|x86.ActiveCfg = Debug|Any CPU
		{E5DF378A-96DE-4E4F-8DFA-319C788576CE}.Debug|x86.Build.0 = Debug|Any CPU
		{E5DF378A-96DE-4E4F-8DFA-319C788576CE}.Release|x86.ActiveCfg = Release|Any CPU
		{E5DF378A-96DE-4E4F-8DFA-319C788576CE}.Release|x86.Build.0 = Release|Any CPU
	EndGlobalSection
EndGlobal
